# This file is automatically @generated by Cargo.
# It is not intended for manual editing.
version = 4

[[package]]
name = "scr-application"
version = "0.1.0"
dependencies = [
 "scr-hypergraph",
 "scr-identity",
 "scr-spatial",
]

[[package]]
name = "scr-hypergraph"
version = "0.1.0"

[[package]]
name = "scr-identity"
version = "0.1.0"
dependencies = [
 "scr-hypergraph",
]

[[package]]
name = "scr-spatial"
version = "0.1.0"
dependencies = [
 "scr-hypergraph",
]
